
Microsoft Visual Studio Solution File, Format Version 12.00
# Visual Studio Version 17
VisualStudioVersion = 17.4.33213.308
MinimumVisualStudioVersion = 10.0.40219.1
Project("{FAE04EC0-301F-11D3-BF4B-00C04F79EFBC}") = "StringReverse", "StringReverse\StringReverse.csproj", "{B09474BF-1D72-4BE9-8FB0-613CD856276D}"
EndProject
Global
	GlobalSection(SolutionConfigurationPlatforms) = preSolution
		Debug|Any CPU = Debug|Any CPU
		Release|Any CPU = Release|Any CPU
	EndGlobalSection
	GlobalSection(ProjectConfigurationPlatforms) = postSolution
		{B09474BF-1D72-4BE9-8FB0-613CD856276D}.Debug|Any CPU.ActiveCfg = Debug|Any CPU
		{B09474BF-1D72-4BE9-8FB0-613CD856276D}.Debug|Any CPU.Build.0 = Debug|Any CPU
		{B09474BF-1D72-4BE9-8FB0-613CD856276D}.Release|Any CPU.ActiveCfg = Release|Any CPU
		{B09474BF-1D72-4BE9-8FB0-613CD856276D}.Release|Any CPU.Build.0 = Release|Any CPU
	EndGlobalSection
	GlobalSection(SolutionProperties) = preSolution
		HideSolutionNode = FALSE
	EndGlobalSection
	GlobalSection(ExtensibilityGlobals) = postSolution
		SolutionGuid = {DEDA52E7-6254-4324-AD6F-D6C0AFFA3216}
	EndGlobalSection
EndGlobal
